
Microsoft Visual Studio Solution File, Format Version 12.00
# Visual Studio Version 17
VisualStudioVersion = 17.9.34723.18
MinimumVisualStudioVersion = 10.0.40219.1
Project("{9A19103F-16F7-4668-BE54-9A1E7A4F7556}") = "HotelListing.API", "HotelListing.API\HotelListing.API.csproj", "{18AAA876-561D-41E8-8A59-3F80EA1FD805}"
EndProject
Project("{FAE04EC0-301F-11D3-BF4B-00C04F79EFBC}") = "HotelListing.API.Data", "HotelListing.API.Data\HotelListing.API.Data.csproj", "{FB079922-537C-4B29-8DCE-4E3A89BC74D3}"
EndProject
Project("{FAE04EC0-301F-11D3-BF4B-00C04F79EFBC}") = "HotelListing.API.Core", "HotelListing.API.Core\HotelListing.API.Core.csproj", "{EA598D2B-1D10-4C7F-9B16-1824FD441AFC}"
EndProject
Global
	GlobalSection(SolutionConfigurationPlatforms) = preSolution
		Debug|Any CPU = Debug|Any CPU
		Release|Any CPU = Release|Any CPU
	EndGlobalSection
	GlobalSection(ProjectConfigurationPlatforms) = postSolution
		{18AAA876-561D-41E8-8A59-3F80EA1FD805}.Debug|Any CPU.ActiveCfg = Debug|Any CPU
		{18AAA876-561D-41E8-8A59-3F80EA1FD805}.Debug|Any CPU.Build.0 = Debug|Any CPU
		{18AAA876-561D-41E8-8A59-3F80EA1FD805}.Release|Any CPU.ActiveCfg = Release|Any CPU
		{18AAA876-561D-41E8-8A59-3F80EA1FD805}.Release|Any CPU.Build.0 = Release|Any CPU
		{FB079922-537C-4B29-8DCE-4E3A89BC74D3}.Debug|Any CPU.ActiveCfg = Debug|Any CPU
		{FB079922-537C-4B29-8DCE-4E3A89BC74D3}.Debug|Any CPU.Build.0 = Debug|Any CPU
		{FB079922-537C-4B29-8DCE-4E3A89BC74D3}.Release|Any CPU.ActiveCfg = Release|Any CPU
		{FB079922-537C-4B29-8DCE-4E3A89BC74D3}.Release|Any CPU.Build.0 = Release|Any CPU
		{EA598D2B-1D10-4C7F-9B16-1824FD441AFC}.Debug|Any CPU.ActiveCfg = Debug|Any CPU
		{EA598D2B-1D10-4C7F-9B16-1824FD441AFC}.Debug|Any CPU.Build.0 = Debug|Any CPU
		{EA598D2B-1D10-4C7F-9B16-1824FD441AFC}.Release|Any CPU.ActiveCfg = Release|Any CPU
		{EA598D2B-1D10-4C7F-9B16-1824FD441AFC}.Release|Any CPU.Build.0 = Release|Any CPU
	EndGlobalSection
	GlobalSection(SolutionProperties) = preSolution
		HideSolutionNode = FALSE
	EndGlobalSection
	GlobalSection(ExtensibilityGlobals) = postSolution
		SolutionGuid = {0286CAD4-6203-4231-8232-E13A77DF8FDF}
	EndGlobalSection
EndGlobal
